
Microsoft Visual Studio Solution File, Format Version 12.00
# Visual Studio Version 16
VisualStudioVersion = 16.0.30114.105
MinimumVisualStudioVersion = 10.0.40219.1
Project("{FAE04EC0-301F-11D3-BF4B-00C04F79EFBC}") = "MartenSiloedMultiTenantProjections.Tests", "MartenSiloedMultiTenantProjections.Tests\MartenSiloedMultiTenantProjections.Tests.csproj", "{42E4AEE6-89CE-48DF-A35B-024B3D144E4C}"
EndProject
Project("{FAE04EC0-301F-11D3-BF4B-00C04F79EFBC}") = "MartenSiloedMultiTenantProjections", "MartenSiloedMultiTenantProjections\MartenSiloedMultiTenantProjections.csproj", "{D29EB359-0FB9-41AB-B693-5D442F32EAC9}"
EndProject
Global
	GlobalSection(SolutionConfigurationPlatforms) = preSolution
		Debug|Any CPU = Debug|Any CPU
		Release|Any CPU = Release|Any CPU
	EndGlobalSection
	GlobalSection(SolutionProperties) = preSolution
		HideSolutionNode = FALSE
	EndGlobalSection
	GlobalSection(ProjectConfigurationPlatforms) = postSolution
		{42E4AEE6-89CE-48DF-A35B-024B3D144E4C}.Debug|Any CPU.ActiveCfg = Debug|Any CPU
		{42E4AEE6-89CE-48DF-A35B-024B3D144E4C}.Debug|Any CPU.Build.0 = Debug|Any CPU
		{42E4AEE6-89CE-48DF-A35B-024B3D144E4C}.Release|Any CPU.ActiveCfg = Release|Any CPU
		{42E4AEE6-89CE-48DF-A35B-024B3D144E4C}.Release|Any CPU.Build.0 = Release|Any CPU
		{D29EB359-0FB9-41AB-B693-5D442F32EAC9}.Debug|Any CPU.ActiveCfg = Debug|Any CPU
		{D29EB359-0FB9-41AB-B693-5D442F32EAC9}.Debug|Any CPU.Build.0 = Debug|Any CPU
		{D29EB359-0FB9-41AB-B693-5D442F32EAC9}.Release|Any CPU.ActiveCfg = Release|Any CPU
		{D29EB359-0FB9-41AB-B693-5D442F32EAC9}.Release|Any CPU.Build.0 = Release|Any CPU
	EndGlobalSection
EndGlobal
